
Microsoft Visual Studio Solution File, Format Version 12.00
# Visual Studio Version 17
VisualStudioVersion = 17.4.33213.308
MinimumVisualStudioVersion = 10.0.40219.1
Project("{FAE04EC0-301F-11D3-BF4B-00C04F79EFBC}") = "RevitAPITraining_ImgExport", "RevitAPITraining_ImgExport\RevitAPITraining_ImgExport.csproj", "{F74C9A7E-3779-4B4C-81E7-4F9D065B8C19}"
EndProject
Global
	GlobalSection(SolutionConfigurationPlatforms) = preSolution
		Debug|Any CPU = Debug|Any CPU
		Release|Any CPU = Release|Any CPU
	EndGlobalSection
	GlobalSection(ProjectConfigurationPlatforms) = postSolution
		{F74C9A7E-3779-4B4C-81E7-4F9D065B8C19}.Debug|Any CPU.ActiveCfg = Debug|Any CPU
		{F74C9A7E-3779-4B4C-81E7-4F9D065B8C19}.Debug|Any CPU.Build.0 = Debug|Any CPU
		{F74C9A7E-3779-4B4C-81E7-4F9D065B8C19}.Release|Any CPU.ActiveCfg = Release|Any CPU
		{F74C9A7E-3779-4B4C-81E7-4F9D065B8C19}.Release|Any CPU.Build.0 = Release|Any CPU
	EndGlobalSection
	GlobalSection(SolutionProperties) = preSolution
		HideSolutionNode = FALSE
	EndGlobalSection
	GlobalSection(ExtensibilityGlobals) = postSolution
		SolutionGuid = {BC33F79B-6134-4BF4-893C-18F78EA81EC8}
	EndGlobalSection
EndGlobal
